// !$*UTF8*$!
{
	archiveVersion = 1;
	classes = {
	};
	objectVersion = 46;
	objects = {

/* Begin PBXBuildFile section */
		4D0578D21F0B27D900F6D5A5 /* AppDelegate.swift in Sources */ = {isa = PBXBuildFile; fileRef = 4D0578D11F0B27D900F6D5A5 /* AppDelegate.swift */; };
		4D0578D71F0B27D900F6D5A5 /* Main.storyboard in Resources */ = {isa = PBXBuildFile; fileRef = 4D0578D51F0B27D900F6D5A5 /* Main.storyboard */; };
		4D0578D91F0B27D900F6D5A5 /* Assets.xcassets in Resources */ = {isa = PBXBuildFile; fileRef = 4D0578D81F0B27D900F6D5A5 /* Assets.xcassets */; };
		4D0578DC1F0B27D900F6D5A5 /* LaunchScreen.storyboard in Resources */ = {isa = PBXBuildFile; fileRef = 4D0578DA1F0B27D900F6D5A5 /* LaunchScreen.storyboard */; };
		4D0578E71F0B27DA00F6D5A5 /* ExampleTests.swift in Sources */ = {isa = PBXBuildFile; fileRef = 4D0578E61F0B27DA00F6D5A5 /* ExampleTests.swift */; };
		4D0578F21F0B27DA00F6D5A5 /* ExampleUITests.swift in Sources */ = {isa = PBXBuildFile; fileRef = 4D0578F11F0B27DA00F6D5A5 /* ExampleUITests.swift */; };
		4DDFCE491F13505500B62435 /* ZVRefreshing.framework in Frameworks */ = {isa = PBXBuildFile; fileRef = 4D04C69E1F11261B001B6B96 /* ZVRefreshing.framework */; };
		4DDFCE4A1F13505500B62435 /* ZVRefreshing.framework in Embed Frameworks */ = {isa = PBXBuildFile; fileRef = 4D04C69E1F11261B001B6B96 /* ZVRefreshing.framework */; settings = {ATTRIBUTES = (CodeSignOnCopy, RemoveHeadersOnCopy, ); }; };
		4DDFCEA01F13AE7C00B62435 /* Localizable.strings in Resources */ = {isa = PBXBuildFile; fileRef = 4DDFCEA21F13AE7C00B62435 /* Localizable.strings */; };
		4DDFCEAD1F13C10A00B62435 /* DetailCollectionViewController.swift in Sources */ = {isa = PBXBuildFile; fileRef = 4DDFCEAC1F13C10A00B62435 /* DetailCollectionViewController.swift */; };
		4DE4C8561F1C67280091B71A /* ZVRefreshDIYHeader.swift in Sources */ = {isa = PBXBuildFile; fileRef = 4DE4C8551F1C67280091B71A /* ZVRefreshDIYHeader.swift */; };
		4DE4C8591F1C674A0091B71A /* ZVRefreshBackDIYFooter.swift in Sources */ = {isa = PBXBuildFile; fileRef = 4DE4C8581F1C674A0091B71A /* ZVRefreshBackDIYFooter.swift */; };
		4DE4C85B1F1C676D0091B71A /* ZVRefreshAutoDIYFooter.swift in Sources */ = {isa = PBXBuildFile; fileRef = 4DE4C85A1F1C676D0091B71A /* ZVRefreshAutoDIYFooter.swift */; };
		4DEC37AE1F11B379000EFAAF /* Reveal.framework in Frameworks */ = {isa = PBXBuildFile; fileRef = 4DEC37AD1F11B379000EFAAF /* Reveal.framework */; };
		4DEC37B81F11CB16000EFAAF /* ZVRefreshBackCustomAnimationFooter.swift in Sources */ = {isa = PBXBuildFile; fileRef = 4DEC37B21F11CB16000EFAAF /* ZVRefreshBackCustomAnimationFooter.swift */; };
		4DEC37B91F11CB16000EFAAF /* ZVRefreshCustomAnimationHeader.swift in Sources */ = {isa = PBXBuildFile; fileRef = 4DEC37B31F11CB16000EFAAF /* ZVRefreshCustomAnimationHeader.swift */; };
		4DEC37BB1F11CB16000EFAAF /* DetailTableViewController.swift in Sources */ = {isa = PBXBuildFile; fileRef = 4DEC37B61F11CB16000EFAAF /* DetailTableViewController.swift */; };
		4DEC37BC1F11CB16000EFAAF /* MasterViewController.swift in Sources */ = {isa = PBXBuildFile; fileRef = 4DEC37B71F11CB16000EFAAF /* MasterViewController.swift */; };
		4DEC37BE1F11CB44000EFAAF /* ZVRefreshAutoCustomAnimationFooter.swift in Sources */ = {isa = PBXBuildFile; fileRef = 4DEC37BD1F11CB44000EFAAF /* ZVRefreshAutoCustomAnimationFooter.swift */; };
/* End PBXBuildFile section */

/* Begin PBXContainerItemProxy section */
		4D04C69D1F11261B001B6B96 /* PBXContainerItemProxy */ = {
			isa = PBXContainerItemProxy;
			containerPortal = 4D04C6981F11261B001B6B96 /* ZVRefreshing.xcodeproj */;
			proxyType = 2;
			remoteGlobalIDString = 4D94FC941F0DFFC500677215;
			remoteInfo = ZVRefreshing;
		};
		4D04C69F1F11261B001B6B96 /* PBXContainerItemProxy */ = {
			isa = PBXContainerItemProxy;
			containerPortal = 4D04C6981F11261B001B6B96 /* ZVRefreshing.xcodeproj */;
			proxyType = 2;
			remoteGlobalIDString = 4D94FC9D1F0DFFC500677215;
			remoteInfo = ZVRefreshingTests;
		};
		4D0578E31F0B27D900F6D5A5 /* PBXContainerItemProxy */ = {
			isa = PBXContainerItemProxy;
			containerPortal = 4D0578C61F0B27D900F6D5A5 /* Project object */;
			proxyType = 1;
			remoteGlobalIDString = 4D0578CD1F0B27D900F6D5A5;
			remoteInfo = Example;
		};
		4D0578EE1F0B27DA00F6D5A5 /* PBXContainerItemProxy */ = {
			isa = PBXContainerItemProxy;
			containerPortal = 4D0578C61F0B27D900F6D5A5 /* Project object */;
			proxyType = 1;
			remoteGlobalIDString = 4D0578CD1F0B27D900F6D5A5;
			remoteInfo = Example;
		};
		4DDFCE4B1F13505500B62435 /* PBXContainerItemProxy */ = {
			isa = PBXContainerItemProxy;
			containerPortal = 4D04C6981F11261B001B6B96 /* ZVRefreshing.xcodeproj */;
			proxyType = 1;
			remoteGlobalIDString = 4D94FC931F0DFFC500677215;
			remoteInfo = ZVRefreshing;
		};
/* End PBXContainerItemProxy section */

/* Begin PBXCopyFilesBuildPhase section */
		4D7BF83E1F0B899F00BC3B3B /* CopyFiles */ = {
			isa = PBXCopyFilesBuildPhase;
			buildActionMask = 2147483647;
			dstPath = "";
			dstSubfolderSpec = 7;
			files = (
			);
			runOnlyForDeploymentPostprocessing = 0;
		};
		4DDFCE4D1F13505500B62435 /* Embed Frameworks */ = {
			isa = PBXCopyFilesBuildPhase;
			buildActionMask = 2147483647;
			dstPath = "";
			dstSubfolderSpec = 10;
			files = (
				4DDFCE4A1F13505500B62435 /* ZVRefreshing.framework in Embed Frameworks */,
			);
			name = "Embed Frameworks";
			runOnlyForDeploymentPostprocessing = 0;
		};
/* End PBXCopyFilesBuildPhase section */

/* Begin PBXFileReference section */
		4D04C6981F11261B001B6B96 /* ZVRefreshing.xcodeproj */ = {isa = PBXFileReference; lastKnownFileType = "wrapper.pb-project"; name = ZVRefreshing.xcodeproj; path = ../../ZVRefreshing.xcodeproj; sourceTree = "<group>"; };
		4D0578CE1F0B27D900F6D5A5 /* Example.app */ = {isa = PBXFileReference; explicitFileType = wrapper.application; includeInIndex = 0; path = Example.app; sourceTree = BUILT_PRODUCTS_DIR; };
		4D0578D11F0B27D900F6D5A5 /* AppDelegate.swift */ = {isa = PBXFileReference; lastKnownFileType = sourcecode.swift; path = AppDelegate.swift; sourceTree = "<group>"; };
		4D0578D61F0B27D900F6D5A5 /* Base */ = {isa = PBXFileReference; lastKnownFileType = file.storyboard; name = Base; path = Base.lproj/Main.storyboard; sourceTree = "<group>"; };
		4D0578D81F0B27D900F6D5A5 /* Assets.xcassets */ = {isa = PBXFileReference; lastKnownFileType = folder.assetcatalog; path = Assets.xcassets; sourceTree = "<group>"; };
		4D0578DB1F0B27D900F6D5A5 /* Base */ = {isa = PBXFileReference; lastKnownFileType = file.storyboard; name = Base; path = Base.lproj/LaunchScreen.storyboard; sourceTree = "<group>"; };
		4D0578DD1F0B27D900F6D5A5 /* Info.plist */ = {isa = PBXFileReference; lastKnownFileType = text.plist.xml; path = Info.plist; sourceTree = "<group>"; };
		4D0578E21F0B27D900F6D5A5 /* ExampleTests.xctest */ = {isa = PBXFileReference; explicitFileType = wrapper.cfbundle; includeInIndex = 0; path = ExampleTests.xctest; sourceTree = BUILT_PRODUCTS_DIR; };
		4D0578E61F0B27DA00F6D5A5 /* ExampleTests.swift */ = {isa = PBXFileReference; lastKnownFileType = sourcecode.swift; path = ExampleTests.swift; sourceTree = "<group>"; };
		4D0578E81F0B27DA00F6D5A5 /* Info.plist */ = {isa = PBXFileReference; lastKnownFileType = text.plist.xml; path = Info.plist; sourceTree = "<group>"; };
		4D0578ED1F0B27DA00F6D5A5 /* ExampleUITests.xctest */ = {isa = PBXFileReference; explicitFileType = wrapper.cfbundle; includeInIndex = 0; path = ExampleUITests.xctest; sourceTree = BUILT_PRODUCTS_DIR; };
		4D0578F11F0B27DA00F6D5A5 /* ExampleUITests.swift */ = {isa = PBXFileReference; lastKnownFileType = sourcecode.swift; path = ExampleUITests.swift; sourceTree = "<group>"; };
		4D0578F31F0B27DA00F6D5A5 /* Info.plist */ = {isa = PBXFileReference; lastKnownFileType = text.plist.xml; path = Info.plist; sourceTree = "<group>"; };
		4DDFCEA11F13AE7C00B62435 /* Base */ = {isa = PBXFileReference; lastKnownFileType = text.plist.strings; name = Base; path = Base.lproj/Localizable.strings; sourceTree = "<group>"; };
		4DDFCEA31F13AEC000B62435 /* zh-Hans */ = {isa = PBXFileReference; lastKnownFileType = text.plist.strings; name = "zh-Hans"; path = "zh-Hans.lproj/Localizable.strings"; sourceTree = "<group>"; };
		4DDFCEAC1F13C10A00B62435 /* DetailCollectionViewController.swift */ = {isa = PBXFileReference; fileEncoding = 4; lastKnownFileType = sourcecode.swift; path = DetailCollectionViewController.swift; sourceTree = "<group>"; };
		4DE4C8551F1C67280091B71A /* ZVRefreshDIYHeader.swift */ = {isa = PBXFileReference; fileEncoding = 4; lastKnownFileType = sourcecode.swift; path = ZVRefreshDIYHeader.swift; sourceTree = "<group>"; };
		4DE4C8581F1C674A0091B71A /* ZVRefreshBackDIYFooter.swift */ = {isa = PBXFileReference; fileEncoding = 4; lastKnownFileType = sourcecode.swift; path = ZVRefreshBackDIYFooter.swift; sourceTree = "<group>"; };
		4DE4C85A1F1C676D0091B71A /* ZVRefreshAutoDIYFooter.swift */ = {isa = PBXFileReference; fileEncoding = 4; lastKnownFileType = sourcecode.swift; path = ZVRefreshAutoDIYFooter.swift; sourceTree = "<group>"; };
		4DEC37AD1F11B379000EFAAF /* Reveal.framework */ = {isa = PBXFileReference; lastKnownFileType = wrapper.framework; path = Reveal.framework; sourceTree = SOURCE_ROOT; };
		4DEC37B21F11CB16000EFAAF /* ZVRefreshBackCustomAnimationFooter.swift */ = {isa = PBXFileReference; fileEncoding = 4; lastKnownFileType = sourcecode.swift; path = ZVRefreshBackCustomAnimationFooter.swift; sourceTree = "<group>"; };
		4DEC37B31F11CB16000EFAAF /* ZVRefreshCustomAnimationHeader.swift */ = {isa = PBXFileReference; fileEncoding = 4; lastKnownFileType = sourcecode.swift; path = ZVRefreshCustomAnimationHeader.swift; sourceTree = "<group>"; };
		4DEC37B61F11CB16000EFAAF /* DetailTableViewController.swift */ = {isa = PBXFileReference; fileEncoding = 4; lastKnownFileType = sourcecode.swift; path = DetailTableViewController.swift; sourceTree = "<group>"; };
		4DEC37B71F11CB16000EFAAF /* MasterViewController.swift */ = {isa = PBXFileReference; fileEncoding = 4; lastKnownFileType = sourcecode.swift; path = MasterViewController.swift; sourceTree = "<group>"; };
		4DEC37BD1F11CB44000EFAAF /* ZVRefreshAutoCustomAnimationFooter.swift */ = {isa = PBXFileReference; fileEncoding = 4; lastKnownFileType = sourcecode.swift; path = ZVRefreshAutoCustomAnimationFooter.swift; sourceTree = "<group>"; };
/* End PBXFileReference section */

/* Begin PBXFrameworksBuildPhase section */
		4D0578CB1F0B27D900F6D5A5 /* Frameworks */ = {
			isa = PBXFrameworksBuildPhase;
			buildActionMask = 2147483647;
			files = (
				4DEC37AE1F11B379000EFAAF /* Reveal.framework in Frameworks */,
				4DDFCE491F13505500B62435 /* ZVRefreshing.framework in Frameworks */,
			);
			runOnlyForDeploymentPostprocessing = 0;
		};
		4D0578DF1F0B27D900F6D5A5 /* Frameworks */ = {
			isa = PBXFrameworksBuildPhase;
			buildActionMask = 2147483647;
			files = (
			);
			runOnlyForDeploymentPostprocessing = 0;
		};
		4D0578EA1F0B27DA00F6D5A5 /* Frameworks */ = {
			isa = PBXFrameworksBuildPhase;
			buildActionMask = 2147483647;
			files = (
			);
			runOnlyForDeploymentPostprocessing = 0;
		};
/* End PBXFrameworksBuildPhase section */

/* Begin PBXGroup section */
		4D04C6991F11261B001B6B96 /* Products */ = {
			isa = PBXGroup;
			children = (
				4D04C69E1F11261B001B6B96 /* ZVRefreshing.framework */,
				4D04C6A01F11261B001B6B96 /* ZVRefreshingTests.xctest */,
			);
			name = Products;
			sourceTree = "<group>";
		};
		4D0578C51F0B27D900F6D5A5 = {
			isa = PBXGroup;
			children = (
				4D0578D01F0B27D900F6D5A5 /* Example */,
				4D0578E51F0B27D900F6D5A5 /* ExampleTests */,
				4D0578F01F0B27DA00F6D5A5 /* ExampleUITests */,
				4D0578CF1F0B27D900F6D5A5 /* Products */,
			);
			sourceTree = "<group>";
		};
		4D0578CF1F0B27D900F6D5A5 /* Products */ = {
			isa = PBXGroup;
			children = (
				4D0578CE1F0B27D900F6D5A5 /* Example.app */,
				4D0578E21F0B27D900F6D5A5 /* ExampleTests.xctest */,
				4D0578ED1F0B27DA00F6D5A5 /* ExampleUITests.xctest */,
			);
			name = Products;
			sourceTree = "<group>";
		};
		4D0578D01F0B27D900F6D5A5 /* Example */ = {
			isa = PBXGroup;
			children = (
				4D04C6981F11261B001B6B96 /* ZVRefreshing.xcodeproj */,
				4D0578D11F0B27D900F6D5A5 /* AppDelegate.swift */,
				4DEC37B11F11CB16000EFAAF /* Custom */,
				4DEC37B41F11CB16000EFAAF /* ViewController */,
				4D0578D51F0B27D900F6D5A5 /* Main.storyboard */,
				4D0578D81F0B27D900F6D5A5 /* Assets.xcassets */,
				4D0578DA1F0B27D900F6D5A5 /* LaunchScreen.storyboard */,
				4D0578DD1F0B27D900F6D5A5 /* Info.plist */,
				4DEC37AD1F11B379000EFAAF /* Reveal.framework */,
				4DDFCEA21F13AE7C00B62435 /* Localizable.strings */,
			);
			path = Example;
			sourceTree = "<group>";
		};
		4D0578E51F0B27D900F6D5A5 /* ExampleTests */ = {
			isa = PBXGroup;
			children = (
				4D0578E61F0B27DA00F6D5A5 /* ExampleTests.swift */,
				4D0578E81F0B27DA00F6D5A5 /* Info.plist */,
			);
			path = ExampleTests;
			sourceTree = "<group>";
		};
		4D0578F01F0B27DA00F6D5A5 /* ExampleUITests */ = {
			isa = PBXGroup;
			children = (
				4D0578F11F0B27DA00F6D5A5 /* ExampleUITests.swift */,
				4D0578F31F0B27DA00F6D5A5 /* Info.plist */,
			);
			path = ExampleUITests;
			sourceTree = "<group>";
		};
		4DEC37B11F11CB16000EFAAF /* Custom */ = {
			isa = PBXGroup;
			children = (
				4DEC37B21F11CB16000EFAAF /* ZVRefreshBackCustomAnimationFooter.swift */,
				4DEC37B31F11CB16000EFAAF /* ZVRefreshCustomAnimationHeader.swift */,
				4DEC37BD1F11CB44000EFAAF /* ZVRefreshAutoCustomAnimationFooter.swift */,
				4DE4C8551F1C67280091B71A /* ZVRefreshDIYHeader.swift */,
				4DE4C8581F1C674A0091B71A /* ZVRefreshBackDIYFooter.swift */,
				4DE4C85A1F1C676D0091B71A /* ZVRefreshAutoDIYFooter.swift */,
			);
			path = Custom;
			sourceTree = "<group>";
		};
		4DEC37B41F11CB16000EFAAF /* ViewController */ = {
			isa = PBXGroup;
			children = (
				4DEC37B71F11CB16000EFAAF /* MasterViewController.swift */,
				4DEC37B61F11CB16000EFAAF /* DetailTableViewController.swift */,
				4DDFCEAC1F13C10A00B62435 /* DetailCollectionViewController.swift */,
			);
			path = ViewController;
			sourceTree = "<group>";
		};
/* End PBXGroup section */

/* Begin PBXNativeTarget section */
		4D0578CD1F0B27D900F6D5A5 /* Example */ = {
			isa = PBXNativeTarget;
			buildConfigurationList = 4D0578F61F0B27DA00F6D5A5 /* Build configuration list for PBXNativeTarget "Example" */;
			buildPhases = (
				4D0578CA1F0B27D900F6D5A5 /* Sources */,
				4D0578CB1F0B27D900F6D5A5 /* Frameworks */,
				4D0578CC1F0B27D900F6D5A5 /* Resources */,
				4D7BF83E1F0B899F00BC3B3B /* CopyFiles */,
				4D7BF8401F0B89A500BC3B3B /* ShellScript */,
				4DDFCE4D1F13505500B62435 /* Embed Frameworks */,
			);
			buildRules = (
			);
			dependencies = (
				4DDFCE4C1F13505500B62435 /* PBXTargetDependency */,
			);
			name = Example;
			productName = Example;
			productReference = 4D0578CE1F0B27D900F6D5A5 /* Example.app */;
			productType = "com.apple.product-type.application";
		};
		4D0578E11F0B27D900F6D5A5 /* ExampleTests */ = {
			isa = PBXNativeTarget;
			buildConfigurationList = 4D0578F91F0B27DA00F6D5A5 /* Build configuration list for PBXNativeTarget "ExampleTests" */;
			buildPhases = (
				4D0578DE1F0B27D900F6D5A5 /* Sources */,
				4D0578DF1F0B27D900F6D5A5 /* Frameworks */,
				4D0578E01F0B27D900F6D5A5 /* Resources */,
			);
			buildRules = (
			);
			dependencies = (
				4D0578E41F0B27D900F6D5A5 /* PBXTargetDependency */,
			);
			name = ExampleTests;
			productName = ExampleTests;
			productReference = 4D0578E21F0B27D900F6D5A5 /* ExampleTests.xctest */;
			productType = "com.apple.product-type.bundle.unit-test";
		};
		4D0578EC1F0B27DA00F6D5A5 /* ExampleUITests */ = {
			isa = PBXNativeTarget;
			buildConfigurationList = 4D0578FC1F0B27DA00F6D5A5 /* Build configuration list for PBXNativeTarget "ExampleUITests" */;
			buildPhases = (
				4D0578E91F0B27DA00F6D5A5 /* Sources */,
				4D0578EA1F0B27DA00F6D5A5 /* Frameworks */,
				4D0578EB1F0B27DA00F6D5A5 /* Resources */,
			);
			buildRules = (
			);
			dependencies = (
				4D0578EF1F0B27DA00F6D5A5 /* PBXTargetDependency */,
			);
			name = ExampleUITests;
			productName = ExampleUITests;
			productReference = 4D0578ED1F0B27DA00F6D5A5 /* ExampleUITests.xctest */;
			productType = "com.apple.product-type.bundle.ui-testing";
		};
/* End PBXNativeTarget section */

/* Begin PBXProject section */
		4D0578C61F0B27D900F6D5A5 /* Project object */ = {
			isa = PBXProject;
			attributes = {
				LastSwiftUpdateCheck = 0830;
				LastUpgradeCheck = 0830;
				ORGANIZATIONNAME = zevwings;
				TargetAttributes = {
					4D0578CD1F0B27D900F6D5A5 = {
						CreatedOnToolsVersion = 8.3.3;
						DevelopmentTeam = 4D95EGYA4V;
						ProvisioningStyle = Automatic;
					};
					4D0578E11F0B27D900F6D5A5 = {
						CreatedOnToolsVersion = 8.3.3;
						DevelopmentTeam = 4D95EGYA4V;
						ProvisioningStyle = Automatic;
						TestTargetID = 4D0578CD1F0B27D900F6D5A5;
					};
					4D0578EC1F0B27DA00F6D5A5 = {
						CreatedOnToolsVersion = 8.3.3;
						DevelopmentTeam = 4D95EGYA4V;
						ProvisioningStyle = Automatic;
						TestTargetID = 4D0578CD1F0B27D900F6D5A5;
					};
				};
			};
			buildConfigurationList = 4D0578C91F0B27D900F6D5A5 /* Build configuration list for PBXProject "Example" */;
			compatibilityVersion = "Xcode 3.2";
			developmentRegion = English;
			hasScannedForEncodings = 0;
			knownRegions = (
				en,
				Base,
				"zh-Hans",
			);
			mainGroup = 4D0578C51F0B27D900F6D5A5;
			productRefGroup = 4D0578CF1F0B27D900F6D5A5 /* Products */;
			projectDirPath = "";
			projectReferences = (
				{
					ProductGroup = 4D04C6991F11261B001B6B96 /* Products */;
					ProjectRef = 4D04C6981F11261B001B6B96 /* ZVRefreshing.xcodeproj */;
				},
			);
			projectRoot = "";
			targets = (
				4D0578CD1F0B27D900F6D5A5 /* Example */,
				4D0578E11F0B27D900F6D5A5 /* ExampleTests */,
				4D0578EC1F0B27DA00F6D5A5 /* ExampleUITests */,
			);
		};
/* End PBXProject section */

/* Begin PBXReferenceProxy section */
		4D04C69E1F11261B001B6B96 /* ZVRefreshing.framework */ = {
			isa = PBXReferenceProxy;
			fileType = wrapper.framework;
			path = ZVRefreshing.framework;
			remoteRef = 4D04C69D1F11261B001B6B96 /* PBXContainerItemProxy */;
			sourceTree = BUILT_PRODUCTS_DIR;
		};
		4D04C6A01F11261B001B6B96 /* ZVRefreshingTests.xctest */ = {
			isa = PBXReferenceProxy;
			fileType = wrapper.cfbundle;
			path = ZVRefreshingTests.xctest;
			remoteRef = 4D04C69F1F11261B001B6B96 /* PBXContainerItemProxy */;
			sourceTree = BUILT_PRODUCTS_DIR;
		};
/* End PBXReferenceProxy section */

/* Begin PBXResourcesBuildPhase section */
		4D0578CC1F0B27D900F6D5A5 /* Resources */ = {
			isa = PBXResourcesBuildPhase;
			buildActionMask = 2147483647;
			files = (
				4D0578DC1F0B27D900F6D5A5 /* LaunchScreen.storyboard in Resources */,
				4DDFCEA01F13AE7C00B62435 /* Localizable.strings in Resources */,
				4D0578D91F0B27D900F6D5A5 /* Assets.xcassets in Resources */,
				4D0578D71F0B27D900F6D5A5 /* Main.storyboard in Resources */,
			);
			runOnlyForDeploymentPostprocessing = 0;
		};
		4D0578E01F0B27D900F6D5A5 /* Resources */ = {
			isa = PBXResourcesBuildPhase;
			buildActionMask = 2147483647;
			files = (
			);
			runOnlyForDeploymentPostprocessing = 0;
		};
		4D0578EB1F0B27DA00F6D5A5 /* Resources */ = {
			isa = PBXResourcesBuildPhase;
			buildActionMask = 2147483647;
			files = (
			);
			runOnlyForDeploymentPostprocessing = 0;
		};
/* End PBXResourcesBuildPhase section */

/* Begin PBXShellScriptBuildPhase section */
		4D7BF8401F0B89A500BC3B3B /* ShellScript */ = {
			isa = PBXShellScriptBuildPhase;
			buildActionMask = 2147483647;
			files = (
			);
			inputPaths = (
			);
			outputPaths = (
			);
			runOnlyForDeploymentPostprocessing = 0;
			shellPath = /bin/sh;
			shellScript = "if which swiftlint >/dev/null; then\nswiftlint\nelse\necho \"warning: SwiftLint not installed, download from https://github.com/realm/SwiftLint\"\nfi\n";
		};
/* End PBXShellScriptBuildPhase section */

/* Begin PBXSourcesBuildPhase section */
		4D0578CA1F0B27D900F6D5A5 /* Sources */ = {
			isa = PBXSourcesBuildPhase;
			buildActionMask = 2147483647;
			files = (
				4DE4C85B1F1C676D0091B71A /* ZVRefreshAutoDIYFooter.swift in Sources */,
				4DEC37B91F11CB16000EFAAF /* ZVRefreshCustomAnimationHeader.swift in Sources */,
				4DE4C8561F1C67280091B71A /* ZVRefreshDIYHeader.swift in Sources */,
				4DDFCEAD1F13C10A00B62435 /* DetailCollectionViewController.swift in Sources */,
				4DEC37BC1F11CB16000EFAAF /* MasterViewController.swift in Sources */,
				4DEC37B81F11CB16000EFAAF /* ZVRefreshBackCustomAnimationFooter.swift in Sources */,
				4DE4C8591F1C674A0091B71A /* ZVRefreshBackDIYFooter.swift in Sources */,
				4DEC37BE1F11CB44000EFAAF /* ZVRefreshAutoCustomAnimationFooter.swift in Sources */,
				4DEC37BB1F11CB16000EFAAF /* DetailTableViewController.swift in Sources */,
				4D0578D21F0B27D900F6D5A5 /* AppDelegate.swift in Sources */,
			);
			runOnlyForDeploymentPostprocessing = 0;
		};
		4D0578DE1F0B27D900F6D5A5 /* Sources */ = {
			isa = PBXSourcesBuildPhase;
			buildActionMask = 2147483647;
			files = (
				4D0578E71F0B27DA00F6D5A5 /* ExampleTests.swift in Sources */,
			);
			runOnlyForDeploymentPostprocessing = 0;
		};
		4D0578E91F0B27DA00F6D5A5 /* Sources */ = {
			isa = PBXSourcesBuildPhase;
			buildActionMask = 2147483647;
			files = (
				4D0578F21F0B27DA00F6D5A5 /* ExampleUITests.swift in Sources */,
			);
			runOnlyForDeploymentPostprocessing = 0;
		};
/* End PBXSourcesBuildPhase section */

/* Begin PBXTargetDependency section */
		4D0578E41F0B27D900F6D5A5 /* PBXTargetDependency */ = {
			isa = PBXTargetDependency;
			target = 4D0578CD1F0B27D900F6D5A5 /* Example */;
			targetProxy = 4D0578E31F0B27D900F6D5A5 /* PBXContainerItemProxy */;
		};
		4D0578EF1F0B27DA00F6D5A5 /* PBXTargetDependency */ = {
			isa = PBXTargetDependency;
			target = 4D0578CD1F0B27D900F6D5A5 /* Example */;
			targetProxy = 4D0578EE1F0B27DA00F6D5A5 /* PBXContainerItemProxy */;
		};
		4DDFCE4C1F13505500B62435 /* PBXTargetDependency */ = {
			isa = PBXTargetDependency;
			name = ZVRefreshing;
			targetProxy = 4DDFCE4B1F13505500B62435 /* PBXContainerItemProxy */;
		};
/* End PBXTargetDependency section */

/* Begin PBXVariantGroup section */
		4D0578D51F0B27D900F6D5A5 /* Main.storyboard */ = {
			isa = PBXVariantGroup;
			children = (
				4D0578D61F0B27D900F6D5A5 /* Base */,
			);
			name = Main.storyboard;
			sourceTree = "<group>";
		};
		4D0578DA1F0B27D900F6D5A5 /* LaunchScreen.storyboard */ = {
			isa = PBXVariantGroup;
			children = (
				4D0578DB1F0B27D900F6D5A5 /* Base */,
			);
			name = LaunchScreen.storyboard;
			sourceTree = "<group>";
		};
		4DDFCEA21F13AE7C00B62435 /* Localizable.strings */ = {
			isa = PBXVariantGroup;
			children = (
				4DDFCEA11F13AE7C00B62435 /* Base */,
				4DDFCEA31F13AEC000B62435 /* zh-Hans */,
			);
			name = Localizable.strings;
			sourceTree = "<group>";
		};
/* End PBXVariantGroup section */

/* Begin XCBuildConfiguration section */
		4D0578F41F0B27DA00F6D5A5 /* Debug */ = {
			isa = XCBuildConfiguration;
			buildSettings = {
				ALWAYS_SEARCH_USER_PATHS = NO;
				CLANG_ANALYZER_LOCALIZABILITY_NONLOCALIZED = YES;
				CLANG_ANALYZER_NONNULL = YES;
				CLANG_ANALYZER_NUMBER_OBJECT_CONVERSION = YES_AGGRESSIVE;
				CLANG_CXX_LANGUAGE_STANDARD = "gnu++0x";
				CLANG_CXX_LIBRARY = "libc++";
				CLANG_ENABLE_MODULES = YES;
				CLANG_ENABLE_OBJC_ARC = YES;
				CLANG_WARN_BOOL_CONVERSION = YES;
				CLANG_WARN_CONSTANT_CONVERSION = YES;
				CLANG_WARN_DIRECT_OBJC_ISA_USAGE = YES_ERROR;
				CLANG_WARN_DOCUMENTATION_COMMENTS = YES;
				CLANG_WARN_EMPTY_BODY = YES;
				CLANG_WARN_ENUM_CONVERSION = YES;
				CLANG_WARN_INFINITE_RECURSION = YES;
				CLANG_WARN_INT_CONVERSION = YES;
				CLANG_WARN_OBJC_ROOT_CLASS = YES_ERROR;
				CLANG_WARN_SUSPICIOUS_MOVE = YES;
				CLANG_WARN_UNREACHABLE_CODE = YES;
				CLANG_WARN__DUPLICATE_METHOD_MATCH = YES;
				"CODE_SIGN_IDENTITY[sdk=iphoneos*]" = "iPhone Developer";
				COPY_PHASE_STRIP = NO;
				DEBUG_INFORMATION_FORMAT = dwarf;
				ENABLE_STRICT_OBJC_MSGSEND = YES;
				ENABLE_TESTABILITY = YES;
				GCC_C_LANGUAGE_STANDARD = gnu99;
				GCC_DYNAMIC_NO_PIC = NO;
				GCC_NO_COMMON_BLOCKS = YES;
				GCC_OPTIMIZATION_LEVEL = 0;
				GCC_PREPROCESSOR_DEFINITIONS = (
					"DEBUG=1",
					"$(inherited)",
				);
				GCC_WARN_64_TO_32_BIT_CONVERSION = YES;
				GCC_WARN_ABOUT_RETURN_TYPE = YES_ERROR;
				GCC_WARN_UNDECLARED_SELECTOR = YES;
				GCC_WARN_UNINITIALIZED_AUTOS = YES_AGGRESSIVE;
				GCC_WARN_UNUSED_FUNCTION = YES;
				GCC_WARN_UNUSED_VARIABLE = YES;
				IPHONEOS_DEPLOYMENT_TARGET = 10.3;
				MTL_ENABLE_DEBUG_INFO = YES;
				ONLY_ACTIVE_ARCH = YES;
				SDKROOT = iphoneos;
				SWIFT_ACTIVE_COMPILATION_CONDITIONS = DEBUG;
				SWIFT_OPTIMIZATION_LEVEL = "-Onone";
			};
			name = Debug;
		};
		4D0578F51F0B27DA00F6D5A5 /* Release */ = {
			isa = XCBuildConfiguration;
			buildSettings = {
				ALWAYS_SEARCH_USER_PATHS = NO;
				CLANG_ANALYZER_LOCALIZABILITY_NONLOCALIZED = YES;
				CLANG_ANALYZER_NONNULL = YES;
				CLANG_ANALYZER_NUMBER_OBJECT_CONVERSION = YES_AGGRESSIVE;
				CLANG_CXX_LANGUAGE_STANDARD = "gnu++0x";
				CLANG_CXX_LIBRARY = "libc++";
				CLANG_ENABLE_MODULES = YES;
				CLANG_ENABLE_OBJC_ARC = YES;
				CLANG_WARN_BOOL_CONVERSION = YES;
				CLANG_WARN_CONSTANT_CONVERSION = YES;
				CLANG_WARN_DIRECT_OBJC_ISA_USAGE = YES_ERROR;
				CLANG_WARN_DOCUMENTATION_COMMENTS = YES;
				CLANG_WARN_EMPTY_BODY = YES;
				CLANG_WARN_ENUM_CONVERSION = YES;
				CLANG_WARN_INFINITE_RECURSION = YES;
				CLANG_WARN_INT_CONVERSION = YES;
				CLANG_WARN_OBJC_ROOT_CLASS = YES_ERROR;
				CLANG_WARN_SUSPICIOUS_MOVE = YES;
				CLANG_WARN_UNREACHABLE_CODE = YES;
				CLANG_WARN__DUPLICATE_METHOD_MATCH = YES;
				"CODE_SIGN_IDENTITY[sdk=iphoneos*]" = "iPhone Developer";
				COPY_PHASE_STRIP = NO;
				DEBUG_INFORMATION_FORMAT = "dwarf-with-dsym";
				ENABLE_NS_ASSERTIONS = NO;
				ENABLE_STRICT_OBJC_MSGSEND = YES;
				GCC_C_LANGUAGE_STANDARD = gnu99;
				GCC_NO_COMMON_BLOCKS = YES;
				GCC_WARN_64_TO_32_BIT_CONVERSION = YES;
				GCC_WARN_ABOUT_RETURN_TYPE = YES_ERROR;
				GCC_WARN_UNDECLARED_SELECTOR = YES;
				GCC_WARN_UNINITIALIZED_AUTOS = YES_AGGRESSIVE;
				GCC_WARN_UNUSED_FUNCTION = YES;
				GCC_WARN_UNUSED_VARIABLE = YES;
				IPHONEOS_DEPLOYMENT_TARGET = 10.3;
				MTL_ENABLE_DEBUG_INFO = NO;
				SDKROOT = iphoneos;
				SWIFT_OPTIMIZATION_LEVEL = "-Owholemodule";
				VALIDATE_PRODUCT = YES;
			};
			name = Release;
		};
		4D0578F71F0B27DA00F6D5A5 /* Debug */ = {
			isa = XCBuildConfiguration;
			buildSettings = {
				ALWAYS_EMBED_SWIFT_STANDARD_LIBRARIES = YES;
				ASSETCATALOG_COMPILER_APPICON_NAME = AppIcon;
				DEVELOPMENT_TEAM = 4D95EGYA4V;
				FRAMEWORK_SEARCH_PATHS = (
					"$(inherited)",
					"$(PROJECT_DIR)/Example",
					"$(PROJECT_DIR)/Carthage/Build/iOS",
					"$(PROJECT_DIR)",
				);
				INFOPLIST_FILE = Example/Info.plist;
				LD_RUNPATH_SEARCH_PATHS = "$(inherited) @executable_path/Frameworks";
				OTHER_LDFLAGS = (
					"-ObjC",
					"-lz",
					"-framework",
					Reveal,
				);
				PRODUCT_BUNDLE_IDENTIFIER = com.zevwings.Example;
				PRODUCT_NAME = "$(TARGET_NAME)";
				SWIFT_VERSION = 3.0;
			};
			name = Debug;
		};
		4D0578F81F0B27DA00F6D5A5 /* Release */ = {
			isa = XCBuildConfiguration;
			buildSettings = {
				ALWAYS_EMBED_SWIFT_STANDARD_LIBRARIES = YES;
				ASSETCATALOG_COMPILER_APPICON_NAME = AppIcon;
				DEVELOPMENT_TEAM = 4D95EGYA4V;
				FRAMEWORK_SEARCH_PATHS = (
					"$(inherited)",
					"$(PROJECT_DIR)/Example",
					"$(PROJECT_DIR)/Carthage/Build/iOS",
					"$(PROJECT_DIR)",
				);
				INFOPLIST_FILE = Example/Info.plist;
				LD_RUNPATH_SEARCH_PATHS = "$(inherited) @executable_path/Frameworks";
				OTHER_LDFLAGS = (
					"-ObjC",
					"-lz",
					"-framework",
					Reveal,
				);
				PRODUCT_BUNDLE_IDENTIFIER = com.zevwings.Example;
				PRODUCT_NAME = "$(TARGET_NAME)";
				SWIFT_VERSION = 3.0;
			};
			name = Release;
		};
		4D0578FA1F0B27DA00F6D5A5 /* Debug */ = {
			isa = XCBuildConfiguration;
			buildSettings = {
				ALWAYS_EMBED_SWIFT_STANDARD_LIBRARIES = YES;
				BUNDLE_LOADER = "$(TEST_HOST)";
				DEVELOPMENT_TEAM = 4D95EGYA4V;
				INFOPLIST_FILE = ExampleTests/Info.plist;
				LD_RUNPATH_SEARCH_PATHS = "$(inherited) @executable_path/Frameworks @loader_path/Frameworks";
				PRODUCT_BUNDLE_IDENTIFIER = com.zevwings.ExampleTests;
				PRODUCT_NAME = "$(TARGET_NAME)";
				SWIFT_VERSION = 3.0;
				TEST_HOST = "$(BUILT_PRODUCTS_DIR)/Example.app/Example";
			};
			name = Debug;
		};
		4D0578FB1F0B27DA00F6D5A5 /* Release */ = {
			isa = XCBuildConfiguration;
			buildSettings = {
				ALWAYS_EMBED_SWIFT_STANDARD_LIBRARIES = YES;
				BUNDLE_LOADER = "$(TEST_HOST)";
				DEVELOPMENT_TEAM = 4D95EGYA4V;
				INFOPLIST_FILE = ExampleTests/Info.plist;
				LD_RUNPATH_SEARCH_PATHS = "$(inherited) @executable_path/Frameworks @loader_path/Frameworks";
				PRODUCT_BUNDLE_IDENTIFIER = com.zevwings.ExampleTests;
				PRODUCT_NAME = "$(TARGET_NAME)";
				SWIFT_VERSION = 3.0;
				TEST_HOST = "$(BUILT_PRODUCTS_DIR)/Example.app/Example";
			};
			name = Release;
		};
		4D0578FD1F0B27DA00F6D5A5 /* Debug */ = {
			isa = XCBuildConfiguration;
			buildSettings = {
				ALWAYS_EMBED_SWIFT_STANDARD_LIBRARIES = YES;
				DEVELOPMENT_TEAM = 4D95EGYA4V;
				INFOPLIST_FILE = ExampleUITests/Info.plist;
				LD_RUNPATH_SEARCH_PATHS = "$(inherited) @executable_path/Frameworks @loader_path/Frameworks";
				PRODUCT_BUNDLE_IDENTIFIER = com.zevwings.ExampleUITests;
				PRODUCT_NAME = "$(TARGET_NAME)";
				SWIFT_VERSION = 3.0;
				TEST_TARGET_NAME = Example;
			};
			name = Debug;
		};
		4D0578FE1F0B27DA00F6D5A5 /* Release */ = {
			isa = XCBuildConfiguration;
			buildSettings = {
				ALWAYS_EMBED_SWIFT_STANDARD_LIBRARIES = YES;
				DEVELOPMENT_TEAM = 4D95EGYA4V;
				INFOPLIST_FILE = ExampleUITests/Info.plist;
				LD_RUNPATH_SEARCH_PATHS = "$(inherited) @executable_path/Frameworks @loader_path/Frameworks";
				PRODUCT_BUNDLE_IDENTIFIER = com.zevwings.ExampleUITests;
				PRODUCT_NAME = "$(TARGET_NAME)";
				SWIFT_VERSION = 3.0;
				TEST_TARGET_NAME = Example;
			};
			name = Release;
		};
/* End XCBuildConfiguration section */

/* Begin XCConfigurationList section */
		4D0578C91F0B27D900F6D5A5 /* Build configuration list for PBXProject "Example" */ = {
			isa = XCConfigurationList;
			buildConfigurations = (
				4D0578F41F0B27DA00F6D5A5 /* Debug */,
				4D0578F51F0B27DA00F6D5A5 /* Release */,
			);
			defaultConfigurationIsVisible = 0;
			defaultConfigurationName = Release;
		};
		4D0578F61F0B27DA00F6D5A5 /* Build configuration list for PBXNativeTarget "Example" */ = {
			isa = XCConfigurationList;
			buildConfigurations = (
				4D0578F71F0B27DA00F6D5A5 /* Debug */,
				4D0578F81F0B27DA00F6D5A5 /* Release */,
			);
			defaultConfigurationIsVisible = 0;
			defaultConfigurationName = Release;
		};
		4D0578F91F0B27DA00F6D5A5 /* Build configuration list for PBXNativeTarget "ExampleTests" */ = {
			isa = XCConfigurationList;
			buildConfigurations = (
				4D0578FA1F0B27DA00F6D5A5 /* Debug */,
				4D0578FB1F0B27DA00F6D5A5 /* Release */,
			);
			defaultConfigurationIsVisible = 0;
			defaultConfigurationName = Release;
		};
		4D0578FC1F0B27DA00F6D5A5 /* Build configuration list for PBXNativeTarget "ExampleUITests" */ = {
			isa = XCConfigurationList;
			buildConfigurations = (
				4D0578FD1F0B27DA00F6D5A5 /* Debug */,
				4D0578FE1F0B27DA00F6D5A5 /* Release */,
			);
			defaultConfigurationIsVisible = 0;
			defaultConfigurationName = Release;
		};
/* End XCConfigurationList section */
	};
	rootObject = 4D0578C61F0B27D900F6D5A5 /* Project object */;
}
